{
  "lockfileVersion": 1,
  "configVersion": 0,
  "workspaces": {
    "": {
      "name": "drizzle-init",
      "dependencies": {
        "@inquirer/core": "latest",
        "@inquirer/prompts": "latest",
        "chalk": "latest",
        "commander": "latest",
        "figlet": "latest",
      },
      "devDependencies": {
        "@biomejs/biome": "latest",
        "@types/bun": "latest",
        "@types/figlet": "latest",
        "@types/node": "latest",
        "@typescript/native-preview": "latest",
        "tsdown": "latest",
        "typescript": "latest",
        "ultracite": "latest",
      },
    },
  },
  "packages": {
    "@babel/generator": ["@babel/generator@8.0.0-rc.3", "", { "dependencies": { "@babel/parser": "^8.0.0-rc.3", "@babel/types": "^8.0.0-rc.3", "@jridgewell/gen-mapping": "^0.3.12", "@jridgewell/trace-mapping": "^0.3.28", "@types/jsesc": "^2.5.0", "jsesc": "^3.0.2" } }, "sha512-em37/13/nR320G4jab/nIIHZgc2Wz2y/D39lxnTyxB4/D/omPQncl/lSdlnJY1OhQcRGugTSIF2l/69o31C9dA=="],

    "@babel/helper-string-parser": ["@babel/helper-string-parser@8.0.0-rc.3", "", {}, "sha512-AmwWFx1m8G/a5cXkxLxTiWl+YEoWuoFLUCwqMlNuWO1tqAYITQAbCRPUkyBHv1VOFgfjVOqEj6L3u15J5ZCzTA=="],

    "@babel/helper-validator-identifier": ["@babel/helper-validator-identifier@8.0.0-rc.3", "", {}, "sha512-8AWCJ2VJJyDFlGBep5GpaaQ9AAaE/FjAcrqI7jyssYhtL7WGV0DOKpJsQqM037xDbpRLHXsY8TwU7zDma7coOw=="],

    "@babel/parser": ["@babel/parser@8.0.0-rc.3", "", { "dependencies": { "@babel/types": "^8.0.0-rc.3" }, "bin": "./bin/babel-parser.js" }, "sha512-B20dvP3MfNc/XS5KKCHy/oyWl5IA6Cn9YjXRdDlCjNmUFrjvLXMNUfQq/QUy9fnG2gYkKKcrto2YaF9B32ToOQ=="],

    "@babel/types": ["@babel/types@8.0.0-rc.3", "", { "dependencies": { "@babel/helper-string-parser": "^8.0.0-rc.3", "@babel/helper-validator-identifier": "^8.0.0-rc.3" } }, "sha512-mOm5ZrYmphGfqVWoH5YYMTITb3cDXsFgmvFlvkvWDMsR9X8RFnt7a0Wb6yNIdoFsiMO9WjYLq+U/FMtqIYAF8Q=="],

    "@biomejs/biome": ["@biomejs/biome@2.4.9", "", { "optionalDependencies": { "@biomejs/cli-darwin-arm64": "2.4.9", "@biomejs/cli-darwin-x64": "2.4.9", "@biomejs/cli-linux-arm64": "2.4.9", "@biomejs/cli-linux-arm64-musl": "2.4.9", "@biomejs/cli-linux-x64": "2.4.9", "@biomejs/cli-linux-x64-musl": "2.4.9", "@biomejs/cli-win32-arm64": "2.4.9", "@biomejs/cli-win32-x64": "2.4.9" }, "bin": { "biome": "bin/biome" } }, "sha512-wvZW92FrwitTcacvCBT8xdAbfbxWfDLwjYMmU3djjqQTh7Ni4ZdiWIT/x5VcZ+RQuxiKzIOzi5D+dcyJDFZMsA=="],

    "@biomejs/cli-darwin-arm64": ["@biomejs/cli-darwin-arm64@2.4.9", "", { "os": "darwin", "cpu": "arm64" }, "sha512-d5G8Gf2RpH5pYwiHLPA+UpG3G9TLQu4WM+VK6sfL7K68AmhcEQ9r+nkj/DvR/GYhYox6twsHUtmWWWIKfcfQQA=="],

    "@biomejs/cli-darwin-x64": ["@biomejs/cli-darwin-x64@2.4.9", "", { "os": "darwin", "cpu": "x64" }, "sha512-LNCLNgqDMG7BLdc3a8aY/dwKPK7+R8/JXJoXjCvZh2gx8KseqBdFDKbhrr7HCWF8SzNhbTaALhTBoh/I6rf9lA=="],

    "@biomejs/cli-linux-arm64": ["@biomejs/cli-linux-arm64@2.4.9", "", { "os": "linux", "cpu": "arm64" }, "sha512-4adnkAUi6K4C/emPRgYznMOcLlUqZdXWM6aIui4VP4LraE764g6Q4YguygnAUoxKjKIXIWPteKMgRbN0wsgwcg=="],

    "@biomejs/cli-linux-arm64-musl": ["@biomejs/cli-linux-arm64-musl@2.4.9", "", { "os": "linux", "cpu": "arm64" }, "sha512-8RCww5xnPn2wpK4L/QDGDOW0dq80uVWfppPxHIUg6mOs9B6gRmqPp32h1Ls3T8GnW8Wo5A8u7vpTwz4fExN+sw=="],

    "@biomejs/cli-linux-x64": ["@biomejs/cli-linux-x64@2.4.9", "", { "os": "linux", "cpu": "x64" }, "sha512-L10na7POF0Ks/cgLFNF1ZvIe+X4onLkTi5oP9hY+Rh60Q+7fWzKDDCeGyiHUFf1nGIa9dQOOUPGe2MyYg8nMSQ=="],

    "@biomejs/cli-linux-x64-musl": ["@biomejs/cli-linux-x64-musl@2.4.9", "", { "os": "linux", "cpu": "x64" }, "sha512-5TD+WS9v5vzXKzjetF0hgoaNFHMcpQeBUwKKVi3JbG1e9UCrFuUK3Gt185fyTzvRdwYkJJEMqglRPjmesmVv4A=="],

    "@biomejs/cli-win32-arm64": ["@biomejs/cli-win32-arm64@2.4.9", "", { "os": "win32", "cpu": "arm64" }, "sha512-aDZr0RBC3sMGJOU10BvG7eZIlWLK/i51HRIfScE2lVhfts2dQTreowLiJJd+UYg/tHKxS470IbzpuKmd0MiD6g=="],

    "@biomejs/cli-win32-x64": ["@biomejs/cli-win32-x64@2.4.9", "", { "os": "win32", "cpu": "x64" }, "sha512-NS4g/2G9SoQ4ktKtz31pvyc/rmgzlcIDCGU/zWbmHJAqx6gcRj2gj5Q/guXhoWTzCUaQZDIqiCQXHS7BcGYc0w=="],

    "@clack/core": ["@clack/core@1.1.0", "", { "dependencies": { "sisteransi": "^1.0.5" } }, "sha512-SVcm4Dqm2ukn64/8Gub2wnlA5nS2iWJyCkdNHcvNHPIeBTGojpdJ+9cZKwLfmqy7irD4N5qLteSilJlE0WLAtA=="],

    "@clack/prompts": ["@clack/prompts@1.1.0", "", { "dependencies": { "@clack/core": "1.1.0", "sisteransi": "^1.0.5" } }, "sha512-pkqbPGtohJAvm4Dphs2M8xE29ggupihHdy1x84HNojZuMtFsHiUlRvqD24tM2+XmI+61LlfNceM3Wr7U5QES5g=="],

    "@emnapi/core": ["@emnapi/core@1.8.1", "", { "dependencies": { "@emnapi/wasi-threads": "1.1.0", "tslib": "^2.4.0" } }, "sha512-AvT9QFpxK0Zd8J0jopedNm+w/2fIzvtPKPjqyw9jwvBaReTTqPBk9Hixaz7KbjimP+QNz605/XnjFcDAL2pqBg=="],

    "@emnapi/runtime": ["@emnapi/runtime@1.8.1", "", { "dependencies": { "tslib": "^2.4.0" } }, "sha512-mehfKSMWjjNol8659Z8KxEMrdSJDDot5SXMq00dM8BN4o+CLNXQ0xH2V7EchNHV4RmbZLmmPdEaXZc5H2FXmDg=="],

    "@emnapi/wasi-threads": ["@emnapi/wasi-threads@1.1.0", "", { "dependencies": { "tslib": "^2.4.0" } }, "sha512-WI0DdZ8xFSbgMjR1sFsKABJ/C5OnRrjT06JXbZKexJGrDuPTzZdDYfFlsgcCXCyf+suG5QU2e/y1Wo2V/OapLQ=="],

    "@inquirer/ansi": ["@inquirer/ansi@2.0.4", "", {}, "sha512-DpcZrQObd7S0R/U3bFdkcT5ebRwbTTC4D3tCc1vsJizmgPLxNJBo+AAFmrZwe8zk30P2QzgzGWZ3Q9uJwWuhIg=="],

    "@inquirer/checkbox": ["@inquirer/checkbox@5.1.2", "", { "dependencies": { "@inquirer/ansi": "^2.0.4", "@inquirer/core": "^11.1.7", "@inquirer/figures": "^2.0.4", "@inquirer/type": "^4.0.4" }, "peerDependencies": { "@types/node": ">=18" }, "optionalPeers": ["@types/node"] }, "sha512-PubpMPO2nJgMufkoB3P2wwxNXEMUXnBIKi/ACzDUYfaoPuM7gSTmuxJeMscoLVEsR4qqrCMf5p0SiYGWnVJ8kw=="],

    "@inquirer/confirm": ["@inquirer/confirm@6.0.10", "", { "dependencies": { "@inquirer/core": "^11.1.7", "@inquirer/type": "^4.0.4" }, "peerDependencies": { "@types/node": ">=18" }, "optionalPeers": ["@types/node"] }, "sha512-tiNyA73pgpQ0FQ7axqtoLUe4GDYjNCDcVsbgcA5anvwg2z6i+suEngLKKJrWKJolT//GFPZHwN30binDIHgSgQ=="],

    "@inquirer/core": ["@inquirer/core@11.1.7", "", { "dependencies": { "@inquirer/ansi": "^2.0.4", "@inquirer/figures": "^2.0.4", "@inquirer/type": "^4.0.4", "cli-width": "^4.1.0", "fast-wrap-ansi": "^0.2.0", "mute-stream": "^3.0.0", "signal-exit": "^4.1.0" }, "peerDependencies": { "@types/node": ">=18" }, "optionalPeers": ["@types/node"] }, "sha512-1BiBNDk9btIwYIzNZpkikIHXWeNzNncJePPqwDyVMhXhD1ebqbpn1mKGctpoqAbzywZfdG0O4tvmsGIcOevAPQ=="],

    "@inquirer/editor": ["@inquirer/editor@5.0.10", "", { "dependencies": { "@inquirer/core": "^11.1.7", "@inquirer/external-editor": "^2.0.4", "@inquirer/type": "^4.0.4" }, "peerDependencies": { "@types/node": ">=18" }, "optionalPeers": ["@types/node"] }, "sha512-VJx4XyaKea7t8hEApTw5dxeIyMtWXre2OiyJcICCRZI4hkoHsMoCnl/KbUnJJExLbH9csLLHMVR144ZhFE1CwA=="],

    "@inquirer/expand": ["@inquirer/expand@5.0.10", "", { "dependencies": { "@inquirer/core": "^11.1.7", "@inquirer/type": "^4.0.4" }, "peerDependencies": { "@types/node": ">=18" }, "optionalPeers": ["@types/node"] }, "sha512-fC0UHJPXsTRvY2fObiwuQYaAnHrp3aDqfwKUJSdfpgv18QUG054ezGbaRNStk/BKD5IPijeMKWej8VV8O5Q/eQ=="],

    "@inquirer/external-editor": ["@inquirer/external-editor@2.0.4", "", { "dependencies": { "chardet": "^2.1.1", "iconv-lite": "^0.7.2" }, "peerDependencies": { "@types/node": ">=18" }, "optionalPeers": ["@types/node"] }, "sha512-Prenuv9C1PHj2Itx0BcAOVBTonz02Hc2Nd2DbU67PdGUaqn0nPCnV34oDyyoaZHnmfRxkpuhh/u51ThkrO+RdA=="],

    "@inquirer/figures": ["@inquirer/figures@2.0.4", "", {}, "sha512-eLBsjlS7rPS3WEhmOmh1znQ5IsQrxWzxWDxO51e4urv+iVrSnIHbq4zqJIOiyNdYLa+BVjwOtdetcQx1lWPpiQ=="],

    "@inquirer/input": ["@inquirer/input@5.0.10", "", { "dependencies": { "@inquirer/core": "^11.1.7", "@inquirer/type": "^4.0.4" }, "peerDependencies": { "@types/node": ">=18" }, "optionalPeers": ["@types/node"] }, "sha512-nvZ6qEVeX/zVtZ1dY2hTGDQpVGD3R7MYPLODPgKO8Y+RAqxkrP3i/3NwF3fZpLdaMiNuK0z2NaYIx9tPwiSegQ=="],

    "@inquirer/number": ["@inquirer/number@4.0.10", "", { "dependencies": { "@inquirer/core": "^11.1.7", "@inquirer/type": "^4.0.4" }, "peerDependencies": { "@types/node": ">=18" }, "optionalPeers": ["@types/node"] }, "sha512-Ht8OQstxiS3APMGjHV0aYAjRAysidWdwurWEo2i8yI5xbhOBWqizT0+MU1S2GCcuhIBg+3SgWVjEoXgfhY+XaA=="],

    "@inquirer/password": ["@inquirer/password@5.0.10", "", { "dependencies": { "@inquirer/ansi": "^2.0.4", "@inquirer/core": "^11.1.7", "@inquirer/type": "^4.0.4" }, "peerDependencies": { "@types/node": ">=18" }, "optionalPeers": ["@types/node"] }, "sha512-QbNyvIE8q2GTqKLYSsA8ATG+eETo+m31DSR0+AU7x3d2FhaTWzqQek80dj3JGTo743kQc6mhBR0erMjYw5jQ0A=="],

    "@inquirer/prompts": ["@inquirer/prompts@8.3.2", "", { "dependencies": { "@inquirer/checkbox": "^5.1.2", "@inquirer/confirm": "^6.0.10", "@inquirer/editor": "^5.0.10", "@inquirer/expand": "^5.0.10", "@inquirer/input": "^5.0.10", "@inquirer/number": "^4.0.10", "@inquirer/password": "^5.0.10", "@inquirer/rawlist": "^5.2.6", "@inquirer/search": "^4.1.6", "@inquirer/select": "^5.1.2" }, "peerDependencies": { "@types/node": ">=18" }, "optionalPeers": ["@types/node"] }, "sha512-yFroiSj2iiBFlm59amdTvAcQFvWS6ph5oKESls/uqPBect7rTU2GbjyZO2DqxMGuIwVA8z0P4K6ViPcd/cp+0w=="],

    "@inquirer/rawlist": ["@inquirer/rawlist@5.2.6", "", { "dependencies": { "@inquirer/core": "^11.1.7", "@inquirer/type": "^4.0.4" }, "peerDependencies": { "@types/node": ">=18" }, "optionalPeers": ["@types/node"] }, "sha512-jfw0MLJ5TilNsa9zlJ6nmRM0ZFVZhhTICt4/6CU2Dv1ndY7l3sqqo1gIYZyMMDw0LvE1u1nzJNisfHEhJIxq5w=="],

    "@inquirer/search": ["@inquirer/search@4.1.6", "", { "dependencies": { "@inquirer/core": "^11.1.7", "@inquirer/figures": "^2.0.4", "@inquirer/type": "^4.0.4" }, "peerDependencies": { "@types/node": ">=18" }, "optionalPeers": ["@types/node"] }, "sha512-3/6kTRae98hhDevENScy7cdFEuURnSpM3JbBNg8yfXLw88HgTOl+neUuy/l9W0No5NzGsLVydhBzTIxZP7yChQ=="],

    "@inquirer/select": ["@inquirer/select@5.1.2", "", { "dependencies": { "@inquirer/ansi": "^2.0.4", "@inquirer/core": "^11.1.7", "@inquirer/figures": "^2.0.4", "@inquirer/type": "^4.0.4" }, "peerDependencies": { "@types/node": ">=18" }, "optionalPeers": ["@types/node"] }, "sha512-kTK8YIkHV+f02y7bWCh7E0u2/11lul5WepVTclr3UMBtBr05PgcZNWfMa7FY57ihpQFQH/spLMHTcr0rXy50tA=="],

    "@inquirer/type": ["@inquirer/type@4.0.4", "", { "peerDependencies": { "@types/node": ">=18" }, "optionalPeers": ["@types/node"] }, "sha512-PamArxO3cFJZoOzspzo6cxVlLeIftyBsZw/S9bKY5DzxqJVZgjoj1oP8d0rskKtp7sZxBycsoer1g6UeJV1BBA=="],

    "@jridgewell/gen-mapping": ["@jridgewell/gen-mapping@0.3.13", "", { "dependencies": { "@jridgewell/sourcemap-codec": "^1.5.0", "@jridgewell/trace-mapping": "^0.3.24" } }, "sha512-2kkt/7niJ6MgEPxF0bYdQ6etZaA+fQvDcLKckhy1yIQOzaoKjBBjSj63/aLVjYE3qhRt5dvM+uUyfCg6UKCBbA=="],

    "@jridgewell/resolve-uri": ["@jridgewell/resolve-uri@3.1.2", "", {}, "sha512-bRISgCIjP20/tbWSPWMEi54QVPRZExkuD9lJL+UIxUKtwVJA8wW1Trb1jMs1RFXo1CBTNZ/5hpC9QvmKWdopKw=="],

    "@jridgewell/sourcemap-codec": ["@jridgewell/sourcemap-codec@1.5.5", "", {}, "sha512-cYQ9310grqxueWbl+WuIUIaiUaDcj7WOq5fVhEljNVgRfOUhY9fy2zTvfoqWsnebh8Sl70VScFbICvJnLKB0Og=="],

    "@jridgewell/trace-mapping": ["@jridgewell/trace-mapping@0.3.31", "", { "dependencies": { "@jridgewell/resolve-uri": "^3.1.0", "@jridgewell/sourcemap-codec": "^1.4.14" } }, "sha512-zzNR+SdQSDJzc8joaeP8QQoCQr8NuYx2dIIytl1QeBEZHJ9uW6hebsrYgbz8hJwUQao3TWCMtmfV8Nu1twOLAw=="],

    "@napi-rs/wasm-runtime": ["@napi-rs/wasm-runtime@1.1.1", "", { "dependencies": { "@emnapi/core": "^1.7.1", "@emnapi/runtime": "^1.7.1", "@tybys/wasm-util": "^0.10.1" } }, "sha512-p64ah1M1ld8xjWv3qbvFwHiFVWrq1yFvV4f7w+mzaqiR4IlSgkqhcRdHwsGgomwzBH51sRY4NEowLxnaBjcW/A=="],

    "@oxc-project/types": ["@oxc-project/types@0.122.0", "", {}, "sha512-oLAl5kBpV4w69UtFZ9xqcmTi+GENWOcPF7FCrczTiBbmC0ibXxCwyvZGbO39rCVEuLGAZM84DH0pUIyyv/YJzA=="],

    "@quansync/fs": ["@quansync/fs@1.0.0", "", { "dependencies": { "quansync": "^1.0.0" } }, "sha512-4TJ3DFtlf1L5LDMaM6CanJ/0lckGNtJcMjQ1NAV6zDmA0tEHKZtxNKin8EgPaVX1YzljbxckyT2tJrpQKAtngQ=="],

    "@rolldown/binding-android-arm64": ["@rolldown/binding-android-arm64@1.0.0-rc.12", "", { "os": "android", "cpu": "arm64" }, "sha512-pv1y2Fv0JybcykuiiD3qBOBdz6RteYojRFY1d+b95WVuzx211CRh+ytI/+9iVyWQ6koTh5dawe4S/yRfOFjgaA=="],

    "@rolldown/binding-darwin-arm64": ["@rolldown/binding-darwin-arm64@1.0.0-rc.12", "", { "os": "darwin", "cpu": "arm64" }, "sha512-cFYr6zTG/3PXXF3pUO+umXxt1wkRK/0AYT8lDwuqvRC+LuKYWSAQAQZjCWDQpAH172ZV6ieYrNnFzVVcnSflAg=="],

    "@rolldown/binding-darwin-x64": ["@rolldown/binding-darwin-x64@1.0.0-rc.12", "", { "os": "darwin", "cpu": "x64" }, "sha512-ZCsYknnHzeXYps0lGBz8JrF37GpE9bFVefrlmDrAQhOEi4IOIlcoU1+FwHEtyXGx2VkYAvhu7dyBf75EJQffBw=="],

    "@rolldown/binding-freebsd-x64": ["@rolldown/binding-freebsd-x64@1.0.0-rc.12", "", { "os": "freebsd", "cpu": "x64" }, "sha512-dMLeprcVsyJsKolRXyoTH3NL6qtsT0Y2xeuEA8WQJquWFXkEC4bcu1rLZZSnZRMtAqwtrF/Ib9Ddtpa/Gkge9Q=="],

    "@rolldown/binding-linux-arm-gnueabihf": ["@rolldown/binding-linux-arm-gnueabihf@1.0.0-rc.12", "", { "os": "linux", "cpu": "arm" }, "sha512-YqWjAgGC/9M1lz3GR1r1rP79nMgo3mQiiA+Hfo+pvKFK1fAJ1bCi0ZQVh8noOqNacuY1qIcfyVfP6HoyBRZ85Q=="],

    "@rolldown/binding-linux-arm64-gnu": ["@rolldown/binding-linux-arm64-gnu@1.0.0-rc.12", "", { "os": "linux", "cpu": "arm64" }, "sha512-/I5AS4cIroLpslsmzXfwbe5OmWvSsrFuEw3mwvbQ1kDxJ822hFHIx+vsN/TAzNVyepI/j/GSzrtCIwQPeKCLIg=="],

    "@rolldown/binding-linux-arm64-musl": ["@rolldown/binding-linux-arm64-musl@1.0.0-rc.12", "", { "os": "linux", "cpu": "arm64" }, "sha512-V6/wZztnBqlx5hJQqNWwFdxIKN0m38p8Jas+VoSfgH54HSj9tKTt1dZvG6JRHcjh6D7TvrJPWFGaY9UBVOaWPw=="],

    "@rolldown/binding-linux-ppc64-gnu": ["@rolldown/binding-linux-ppc64-gnu@1.0.0-rc.12", "", { "os": "linux", "cpu": "ppc64" }, "sha512-AP3E9BpcUYliZCxa3w5Kwj9OtEVDYK6sVoUzy4vTOJsjPOgdaJZKFmN4oOlX0Wp0RPV2ETfmIra9x1xuayFB7g=="],

    "@rolldown/binding-linux-s390x-gnu": ["@rolldown/binding-linux-s390x-gnu@1.0.0-rc.12", "", { "os": "linux", "cpu": "s390x" }, "sha512-nWwpvUSPkoFmZo0kQazZYOrT7J5DGOJ/+QHHzjvNlooDZED8oH82Yg67HvehPPLAg5fUff7TfWFHQS8IV1n3og=="],

    "@rolldown/binding-linux-x64-gnu": ["@rolldown/binding-linux-x64-gnu@1.0.0-rc.12", "", { "os": "linux", "cpu": "x64" }, "sha512-RNrafz5bcwRy+O9e6P8Z/OCAJW/A+qtBczIqVYwTs14pf4iV1/+eKEjdOUta93q2TsT/FI0XYDP3TCky38LMAg=="],

    "@rolldown/binding-linux-x64-musl": ["@rolldown/binding-linux-x64-musl@1.0.0-rc.12", "", { "os": "linux", "cpu": "x64" }, "sha512-Jpw/0iwoKWx3LJ2rc1yjFrj+T7iHZn2JDg1Yny1ma0luviFS4mhAIcd1LFNxK3EYu3DHWCps0ydXQ5i/rrJ2ig=="],

    "@rolldown/binding-openharmony-arm64": ["@rolldown/binding-openharmony-arm64@1.0.0-rc.12", "", { "os": "none", "cpu": "arm64" }, "sha512-vRugONE4yMfVn0+7lUKdKvN4D5YusEiPilaoO2sgUWpCvrncvWgPMzK00ZFFJuiPgLwgFNP5eSiUlv2tfc+lpA=="],

    "@rolldown/binding-wasm32-wasi": ["@rolldown/binding-wasm32-wasi@1.0.0-rc.12", "", { "dependencies": { "@napi-rs/wasm-runtime": "^1.1.1" }, "cpu": "none" }, "sha512-ykGiLr/6kkiHc0XnBfmFJuCjr5ZYKKofkx+chJWDjitX+KsJuAmrzWhwyOMSHzPhzOHOy7u9HlFoa5MoAOJ/Zg=="],

    "@rolldown/binding-win32-arm64-msvc": ["@rolldown/binding-win32-arm64-msvc@1.0.0-rc.12", "", { "os": "win32", "cpu": "arm64" }, "sha512-5eOND4duWkwx1AzCxadcOrNeighiLwMInEADT0YM7xeEOOFcovWZCq8dadXgcRHSf3Ulh1kFo/qvzoFiCLOL1Q=="],

    "@rolldown/binding-win32-x64-msvc": ["@rolldown/binding-win32-x64-msvc@1.0.0-rc.12", "", { "os": "win32", "cpu": "x64" }, "sha512-PyqoipaswDLAZtot351MLhrlrh6lcZPo2LSYE+VDxbVk24LVKAGOuE4hb8xZQmrPAuEtTZW8E6D2zc5EUZX4Lw=="],

    "@rolldown/pluginutils": ["@rolldown/pluginutils@1.0.0-rc.12", "", {}, "sha512-HHMwmarRKvoFsJorqYlFeFRzXZqCt2ETQlEDOb9aqssrnVBB1/+xgTGtuTrIk5vzLNX1MjMtTf7W9z3tsSbrxw=="],

    "@tybys/wasm-util": ["@tybys/wasm-util@0.10.1", "", { "dependencies": { "tslib": "^2.4.0" } }, "sha512-9tTaPJLSiejZKx+Bmog4uSubteqTvFrVrURwkmHixBo0G4seD0zUxp98E1DzUBJxLQ3NPwXrGKDiVjwx/DpPsg=="],

    "@types/bun": ["@types/bun@1.3.11", "", { "dependencies": { "bun-types": "1.3.11" } }, "sha512-5vPne5QvtpjGpsGYXiFyycfpDF2ECyPcTSsFBMa0fraoxiQyMJ3SmuQIGhzPg2WJuWxVBoxWJ2kClYTcw/4fAg=="],

    "@types/estree": ["@types/estree@1.0.8", "", {}, "sha512-dWHzHa2WqEXI/O1E9OjrocMTKJl2mSrEolh1Iomrv6U+JuNwaHXsXx9bLu5gG7BUWFIN0skIQJQ/L1rIex4X6w=="],

    "@types/figlet": ["@types/figlet@1.7.0", "", {}, "sha512-KwrT7p/8Eo3Op/HBSIwGXOsTZKYiM9NpWRBJ5sVjWP/SmlS+oxxRvJht/FNAtliJvja44N3ul1yATgohnVBV0Q=="],

    "@types/jsesc": ["@types/jsesc@2.5.1", "", {}, "sha512-9VN+6yxLOPLOav+7PwjZbxiID2bVaeq0ED4qSQmdQTdjnXJSaCVKTR58t15oqH1H5t8Ng2ZX1SabJVoN9Q34bw=="],

    "@types/node": ["@types/node@25.5.0", "", { "dependencies": { "undici-types": "~7.18.0" } }, "sha512-jp2P3tQMSxWugkCUKLRPVUpGaL5MVFwF8RDuSRztfwgN1wmqJeMSbKlnEtQqU8UrhTmzEmZdu2I6v2dpp7XIxw=="],

    "@typescript/native-preview": ["@typescript/native-preview@7.0.0-dev.20260328.1", "", { "optionalDependencies": { "@typescript/native-preview-darwin-arm64": "7.0.0-dev.20260328.1", "@typescript/native-preview-darwin-x64": "7.0.0-dev.20260328.1", "@typescript/native-preview-linux-arm": "7.0.0-dev.20260328.1", "@typescript/native-preview-linux-arm64": "7.0.0-dev.20260328.1", "@typescript/native-preview-linux-x64": "7.0.0-dev.20260328.1", "@typescript/native-preview-win32-arm64": "7.0.0-dev.20260328.1", "@typescript/native-preview-win32-x64": "7.0.0-dev.20260328.1" }, "bin": { "tsgo": "bin/tsgo.js" } }, "sha512-e2f1LaETJ1wFIZSZAJwsAumWixGaRslUjESf0nSrZGUensq3ZwXddoDJPPoDLkSAr/Fa3v5aff+dJ39UbNfbNQ=="],

    "@typescript/native-preview-darwin-arm64": ["@typescript/native-preview-darwin-arm64@7.0.0-dev.20260328.1", "", { "os": "darwin", "cpu": "arm64" }, "sha512-BmJGDWC0bSQ2w5O/E+Mw9eTv9RklJ3vjshu7UdD92bUMxc4V4dkBhYj5r0qxbl4f+VFNX7fXvcDDI+9o+Kb6yw=="],

    "@typescript/native-preview-darwin-x64": ["@typescript/native-preview-darwin-x64@7.0.0-dev.20260328.1", "", { "os": "darwin", "cpu": "x64" }, "sha512-osc0XQn+AV4X/Vz4hehMm9YtwjZU8VN57FBx4/bsoZ2Z3H1KCA2vbrPQx1hxobrA/+LxkTEk/i6L+z1XwI3RTw=="],

    "@typescript/native-preview-linux-arm": ["@typescript/native-preview-linux-arm@7.0.0-dev.20260328.1", "", { "os": "linux", "cpu": "arm" }, "sha512-869rJ0Clw7aQTApV1dts2bKV+V6E0qNFJae3SNRo+4TPmrwlmYct3ouGrsQsDCat6XIaCdul8YOBzmj4QUzuMw=="],

    "@typescript/native-preview-linux-arm64": ["@typescript/native-preview-linux-arm64@7.0.0-dev.20260328.1", "", { "os": "linux", "cpu": "arm64" }, "sha512-UdPWbxynH/yu54Bx9SSmUsdBQVcKeB8hVLXWiF6qKGDQxwUmqo04xa+PUdxryUXxYzjedbqKMhDLL/W0AlbUMQ=="],

    "@typescript/native-preview-linux-x64": ["@typescript/native-preview-linux-x64@7.0.0-dev.20260328.1", "", { "os": "linux", "cpu": "x64" }, "sha512-0ZPwzToIRV4r2L/wZUwTD9DvZsVnezrc7x5xwZedGvuRifUKMAAwI+rGaKHqHq5nE5Y1gQA/wwMPPJ4xq6hzVw=="],

    "@typescript/native-preview-win32-arm64": ["@typescript/native-preview-win32-arm64@7.0.0-dev.20260328.1", "", { "os": "win32", "cpu": "arm64" }, "sha512-iCgWfPDIbs0xB+zkVu5IFfcco3II3b7DhatIa1hQiTFH4vGs0A4/LskLbSYyWOId4j5WEkCKK5T0KNnEYfbg1g=="],

    "@typescript/native-preview-win32-x64": ["@typescript/native-preview-win32-x64@7.0.0-dev.20260328.1", "", { "os": "win32", "cpu": "x64" }, "sha512-k1/yoqrELzkm6eOFaYm9x+M7mDOlArO1P0YvEgEmcdnL6Igm+0ZmGy6eDmhk9pshPb0GfL1knN6c+5sJA7YReA=="],

    "ansis": ["ansis@4.2.0", "", {}, "sha512-HqZ5rWlFjGiV0tDm3UxxgNRqsOTniqoKZu0pIAfh7TZQMGuZK+hH0drySty0si0QXj1ieop4+SkSfPZBPPkHig=="],

    "ast-kit": ["ast-kit@3.0.0-beta.1", "", { "dependencies": { "@babel/parser": "^8.0.0-beta.4", "estree-walker": "^3.0.3", "pathe": "^2.0.3" } }, "sha512-trmleAnZ2PxN/loHWVhhx1qeOHSRXq4TDsBBxq3GqeJitfk3+jTQ+v/C1km/KYq9M7wKqCewMh+/NAvVH7m+bw=="],

    "balanced-match": ["balanced-match@4.0.4", "", {}, "sha512-BLrgEcRTwX2o6gGxGOCNyMvGSp35YofuYzw9h1IMTRmKqttAZZVU67bdb9Pr2vUHA8+j3i2tJfjO6C6+4myGTA=="],

    "birpc": ["birpc@4.0.0", "", {}, "sha512-LShSxJP0KTmd101b6DRyGBj57LZxSDYWKitQNW/mi8GRMvZb078Uf9+pveax1DrVL89vm7mWe+TovdI/UDOuPw=="],

    "brace-expansion": ["brace-expansion@5.0.5", "", { "dependencies": { "balanced-match": "^4.0.2" } }, "sha512-VZznLgtwhn+Mact9tfiwx64fA9erHH/MCXEUfB/0bX/6Fz6ny5EGTXYltMocqg4xFAQZtnO3DHWWXi8RiuN7cQ=="],

    "bun-types": ["bun-types@1.3.11", "", { "dependencies": { "@types/node": "*" } }, "sha512-1KGPpoxQWl9f6wcZh57LvrPIInQMn2TQ7jsgxqpRzg+l0QPOFvJVH7HmvHo/AiPgwXy+/Thf6Ov3EdVn1vOabg=="],

    "cac": ["cac@7.0.0", "", {}, "sha512-tixWYgm5ZoOD+3g6UTea91eow5z6AAHaho3g0V9CNSNb45gM8SmflpAc+GRd1InC4AqN/07Unrgp56Y94N9hJQ=="],

    "chalk": ["chalk@5.6.2", "", {}, "sha512-7NzBL0rN6fMUW+f7A6Io4h40qQlG+xGmtMxfbnH/K7TAtt8JQWVQK+6g0UXKMeVJoyV5EkkNsErQ8pVD3bLHbA=="],

    "chardet": ["chardet@2.1.1", "", {}, "sha512-PsezH1rqdV9VvyNhxxOW32/d75r01NY7TQCmOqomRo15ZSOKbpTFVsfjghxo6JloQUCGnH4k1LGu0R4yCLlWQQ=="],

    "citty": ["citty@0.2.0", "", {}, "sha512-8csy5IBFI2ex2hTVpaHN2j+LNE199AgiI7y4dMintrr8i0lQiFn+0AWMZrWdHKIgMOer65f8IThysYhoReqjWA=="],

    "cli-width": ["cli-width@4.1.0", "", {}, "sha512-ouuZd4/dm2Sw5Gmqy6bGyNNNe1qt9RpmxveLSO7KcgsTnU7RXfsw+/bukWGo1abgBiMAic068rclZsO4IWmmxQ=="],

    "commander": ["commander@14.0.3", "", {}, "sha512-H+y0Jo/T1RZ9qPP4Eh1pkcQcLRglraJaSLoyOtHxu6AapkjWVCy2Sit1QQ4x3Dng8qDlSsZEet7g5Pq06MvTgw=="],

    "deepmerge": ["deepmerge@4.3.1", "", {}, "sha512-3sUqbMEc77XqpdNO7FRyRog+eW3ph+GYCbj+rK+uYyRMuwsVy0rMiVtPn+QJlKFvWP/1PYpapqYn0Me2knFn+A=="],

    "defu": ["defu@6.1.4", "", {}, "sha512-mEQCMmwJu317oSz8CwdIOdwf3xMif1ttiM8LTufzc3g6kR+9Pe236twL8j3IYT1F7GfRgGcW6MWxzZjLIkuHIg=="],

    "dts-resolver": ["dts-resolver@2.1.3", "", { "peerDependencies": { "oxc-resolver": ">=11.0.0" }, "optionalPeers": ["oxc-resolver"] }, "sha512-bihc7jPC90VrosXNzK0LTE2cuLP6jr0Ro8jk+kMugHReJVLIpHz/xadeq3MhuwyO4TD4OA3L1Q8pBBFRc08Tsw=="],

    "empathic": ["empathic@2.0.0", "", {}, "sha512-i6UzDscO/XfAcNYD75CfICkmfLedpyPDdozrLMmQc5ORaQcdMoc21OnlEylMIqI7U8eniKrPMxxtj8k0vhmJhA=="],

    "estree-walker": ["estree-walker@3.0.3", "", { "dependencies": { "@types/estree": "^1.0.0" } }, "sha512-7RUKfXgSMMkzt6ZuXmqapOurLGPPfgj6l9uRZ7lRGolvk0y2yocc35LdcxKC5PQZdn2DMqioAQ2NoWcrTKmm6g=="],

    "fast-string-truncated-width": ["fast-string-truncated-width@3.0.3", "", {}, "sha512-0jjjIEL6+0jag3l2XWWizO64/aZVtpiGE3t0Zgqxv0DPuxiMjvB3M24fCyhZUO4KomJQPj3LTSUnDP3GpdwC0g=="],

    "fast-string-width": ["fast-string-width@3.0.2", "", { "dependencies": { "fast-string-truncated-width": "^3.0.2" } }, "sha512-gX8LrtNEI5hq8DVUfRQMbr5lpaS4nMIWV+7XEbXk2b8kiQIizgnlr12B4dA3ZEx3308ze0O4Q1R+cHts8kyUJg=="],

    "fast-wrap-ansi": ["fast-wrap-ansi@0.2.0", "", { "dependencies": { "fast-string-width": "^3.0.2" } }, "sha512-rLV8JHxTyhVmFYhBJuMujcrHqOT2cnO5Zxj37qROj23CP39GXubJRBUFF0z8KFK77Uc0SukZUf7JZhsVEQ6n8w=="],

    "fdir": ["fdir@6.5.0", "", { "peerDependencies": { "picomatch": "^3 || ^4" }, "optionalPeers": ["picomatch"] }, "sha512-tIbYtZbucOs0BRGqPJkshJUYdL+SDH7dVM8gjy+ERp3WAUjLEFJE+02kanyHtwjWOnwrKYBiwAmM0p4kLJAnXg=="],

    "figlet": ["figlet@1.11.0", "", { "dependencies": { "commander": "^14.0.0" }, "bin": { "figlet": "bin/index.js" } }, "sha512-EEx3OS/l2bFqcUNN2NM9FPJp8vAMrgbCxsbl2hbcJNNxOEwVe3mEzrhan7TbJQViZa8mMqhihlbCaqD+LyYKTQ=="],

    "get-tsconfig": ["get-tsconfig@4.13.7", "", { "dependencies": { "resolve-pkg-maps": "^1.0.0" } }, "sha512-7tN6rFgBlMgpBML5j8typ92BKFi2sFQvIdpAqLA2beia5avZDrMs0FLZiM5etShWq5irVyGcGMEA1jcDaK7A/Q=="],

    "glob": ["glob@13.0.6", "", { "dependencies": { "minimatch": "^10.2.2", "minipass": "^7.1.3", "path-scurry": "^2.0.2" } }, "sha512-Wjlyrolmm8uDpm/ogGyXZXb1Z+Ca2B8NbJwqBVg0axK9GbBeoS7yGV6vjXnYdGm6X53iehEuxxbyiKp8QmN4Vw=="],

    "hookable": ["hookable@6.1.0", "", {}, "sha512-ZoKZSJgu8voGK2geJS+6YtYjvIzu9AOM/KZXsBxr83uhLL++e9pEv/dlgwgy3dvHg06kTz6JOh1hk3C8Ceiymw=="],

    "iconv-lite": ["iconv-lite@0.7.2", "", { "dependencies": { "safer-buffer": ">= 2.1.2 < 3.0.0" } }, "sha512-im9DjEDQ55s9fL4EYzOAv0yMqmMBSZp6G0VvFyTMPKWxiSBHUj9NW/qqLmXUwXrrM7AvqSlTCfvqRb0cM8yYqw=="],

    "import-without-cache": ["import-without-cache@0.2.5", "", {}, "sha512-B6Lc2s6yApwnD2/pMzFh/d5AVjdsDXjgkeJ766FmFuJELIGHNycKRj+l3A39yZPM4CchqNCB4RITEAYB1KUM6A=="],

    "jsesc": ["jsesc@3.1.0", "", { "bin": { "jsesc": "bin/jsesc" } }, "sha512-/sM3dO2FOzXjKQhJuo0Q173wf2KOo8t4I8vHy6lF9poUp7bKT0/NHE8fPX23PwfhnykfqnC2xRxOnVw5XuGIaA=="],

    "jsonc-parser": ["jsonc-parser@3.3.1", "", {}, "sha512-HUgH65KyejrUFPvHFPbqOY0rsFip3Bo5wb4ngvdi1EpCYWUQDC5V+Y7mZws+DLkr4M//zQJoanu1SP+87Dv1oQ=="],

    "lru-cache": ["lru-cache@11.2.5", "", {}, "sha512-vFrFJkWtJvJnD5hg+hJvVE8Lh/TcMzKnTgCWmtBipwI5yLX/iX+5UB2tfuyODF5E7k9xEzMdYgGqaSb1c0c5Yw=="],

    "minimatch": ["minimatch@10.2.4", "", { "dependencies": { "brace-expansion": "^5.0.2" } }, "sha512-oRjTw/97aTBN0RHbYCdtF1MQfvusSIBQM0IZEgzl6426+8jSC0nF1a/GmnVLpfB9yyr6g6FTqWqiZVbxrtaCIg=="],

    "minipass": ["minipass@7.1.3", "", {}, "sha512-tEBHqDnIoM/1rXME1zgka9g6Q2lcoCkxHLuc7ODJ5BxbP5d4c2Z5cGgtXAku59200Cx7diuHTOYfSBD8n6mm8A=="],

    "mute-stream": ["mute-stream@3.0.0", "", {}, "sha512-dkEJPVvun4FryqBmZ5KhDo0K9iDXAwn08tMLDinNdRBNPcYEDiWYysLcc6k3mjTMlbP9KyylvRpd4wFtwrT9rw=="],

    "nypm": ["nypm@0.6.5", "", { "dependencies": { "citty": "^0.2.0", "pathe": "^2.0.3", "tinyexec": "^1.0.2" }, "bin": { "nypm": "dist/cli.mjs" } }, "sha512-K6AJy1GMVyfyMXRVB88700BJqNUkByijGJM8kEHpLdcAt+vSQAVfkWWHYzuRXHSY6xA2sNc5RjTj0p9rE2izVQ=="],

    "obug": ["obug@2.1.1", "", {}, "sha512-uTqF9MuPraAQ+IsnPf366RG4cP9RtUi7MLO1N3KEc+wb0a6yKpeL0lmk2IB1jY5KHPAlTc6T/JRdC/YqxHNwkQ=="],

    "path-scurry": ["path-scurry@2.0.2", "", { "dependencies": { "lru-cache": "^11.0.0", "minipass": "^7.1.2" } }, "sha512-3O/iVVsJAPsOnpwWIeD+d6z/7PmqApyQePUtCndjatj/9I5LylHvt5qluFaBT3I5h3r1ejfR056c+FCv+NnNXg=="],

    "pathe": ["pathe@2.0.3", "", {}, "sha512-WUjGcAqP1gQacoQe+OBJsFA7Ld4DyXuUIjZ5cc75cLHvJ7dtNsTugphxIADwspS+AraAUePCKrSVtPLFj/F88w=="],

    "picomatch": ["picomatch@4.0.4", "", {}, "sha512-QP88BAKvMam/3NxH6vj2o21R6MjxZUAd6nlwAS/pnGvN9IVLocLHxGYIzFhg6fUQ+5th6P4dv4eW9jX3DSIj7A=="],

    "quansync": ["quansync@1.0.0", "", {}, "sha512-5xZacEEufv3HSTPQuchrvV6soaiACMFnq1H8wkVioctoH3TRha9Sz66lOxRwPK/qZj7HPiSveih9yAyh98gvqA=="],

    "resolve-pkg-maps": ["resolve-pkg-maps@1.0.0", "", {}, "sha512-seS2Tj26TBVOC2NIc2rOe2y2ZO7efxITtLZcGSOnHHNOQ7CkiUBfw0Iw2ck6xkIhPwLhKNLS8BO+hEpngQlqzw=="],

    "rolldown": ["rolldown@1.0.0-rc.12", "", { "dependencies": { "@oxc-project/types": "=0.122.0", "@rolldown/pluginutils": "1.0.0-rc.12" }, "optionalDependencies": { "@rolldown/binding-android-arm64": "1.0.0-rc.12", "@rolldown/binding-darwin-arm64": "1.0.0-rc.12", "@rolldown/binding-darwin-x64": "1.0.0-rc.12", "@rolldown/binding-freebsd-x64": "1.0.0-rc.12", "@rolldown/binding-linux-arm-gnueabihf": "1.0.0-rc.12", "@rolldown/binding-linux-arm64-gnu": "1.0.0-rc.12", "@rolldown/binding-linux-arm64-musl": "1.0.0-rc.12", "@rolldown/binding-linux-ppc64-gnu": "1.0.0-rc.12", "@rolldown/binding-linux-s390x-gnu": "1.0.0-rc.12", "@rolldown/binding-linux-x64-gnu": "1.0.0-rc.12", "@rolldown/binding-linux-x64-musl": "1.0.0-rc.12", "@rolldown/binding-openharmony-arm64": "1.0.0-rc.12", "@rolldown/binding-wasm32-wasi": "1.0.0-rc.12", "@rolldown/binding-win32-arm64-msvc": "1.0.0-rc.12", "@rolldown/binding-win32-x64-msvc": "1.0.0-rc.12" }, "bin": { "rolldown": "bin/cli.mjs" } }, "sha512-yP4USLIMYrwpPHEFB5JGH1uxhcslv6/hL0OyvTuY+3qlOSJvZ7ntYnoWpehBxufkgN0cvXxppuTu5hHa/zPh+A=="],

    "rolldown-plugin-dts": ["rolldown-plugin-dts@0.23.2", "", { "dependencies": { "@babel/generator": "8.0.0-rc.3", "@babel/helper-validator-identifier": "8.0.0-rc.3", "@babel/parser": "8.0.0-rc.3", "@babel/types": "8.0.0-rc.3", "ast-kit": "^3.0.0-beta.1", "birpc": "^4.0.0", "dts-resolver": "^2.1.3", "get-tsconfig": "^4.13.7", "obug": "^2.1.1", "picomatch": "^4.0.4" }, "peerDependencies": { "@ts-macro/tsc": "^0.3.6", "@typescript/native-preview": ">=7.0.0-dev.20260325.1", "rolldown": "^1.0.0-rc.12", "typescript": "^5.0.0 || ^6.0.0", "vue-tsc": "~3.2.0" }, "optionalPeers": ["@ts-macro/tsc", "@typescript/native-preview", "typescript", "vue-tsc"] }, "sha512-PbSqLawLgZBGcOGT3yqWBGn4cX+wh2nt5FuBGdcMHyOhoukmjbhYAl8NT9sE4U38Cm9tqLOIQeOrvzeayM0DLQ=="],

    "safer-buffer": ["safer-buffer@2.1.2", "", {}, "sha512-YZo3K82SD7Riyi0E1EQPojLz7kpepnSQI9IyPbHHg1XXXevb5dJI7tpyN2ADxGcQbHG7vcyRHk0cbwqcQriUtg=="],

    "semver": ["semver@7.7.4", "", { "bin": { "semver": "bin/semver.js" } }, "sha512-vFKC2IEtQnVhpT78h1Yp8wzwrf8CM+MzKMHGJZfBtzhZNycRFnXsHk6E5TxIkkMsgNS7mdX3AGB7x2QM2di4lA=="],

    "signal-exit": ["signal-exit@4.1.0", "", {}, "sha512-bzyZ1e88w9O1iNJbKnOlvYTrWPDl46O1bG0D3XInv+9tkPrxrN8jUUTiFlDkkmKWgn1M6CfIA13SuGqOa9Korw=="],

    "sisteransi": ["sisteransi@1.0.5", "", {}, "sha512-bLGGlR1QxBcynn2d5YmDX4MGjlZvy2MRBDRNHLJ8VI6l6+9FUiyTFNJ0IveOSP0bcXgVDPRcfGqA0pjaqUpfVg=="],

    "tinyexec": ["tinyexec@1.0.4", "", {}, "sha512-u9r3uZC0bdpGOXtlxUIdwf9pkmvhqJdrVCH9fapQtgy/OeTTMZ1nqH7agtvEfmGui6e1XxjcdrlxvxJvc3sMqw=="],

    "tinyglobby": ["tinyglobby@0.2.15", "", { "dependencies": { "fdir": "^6.5.0", "picomatch": "^4.0.3" } }, "sha512-j2Zq4NyQYG5XMST4cbs02Ak8iJUdxRM0XI5QyxXuZOzKOINmWurp3smXu3y5wDcJrptwpSjgXHzIQxR0omXljQ=="],

    "tree-kill": ["tree-kill@1.2.2", "", { "bin": { "tree-kill": "cli.js" } }, "sha512-L0Orpi8qGpRG//Nd+H90vFB+3iHnue1zSSGmNOOCh1GLJ7rUKVwV2HvijphGQS2UmhUZewS9VgvxYIdgr+fG1A=="],

    "tsdown": ["tsdown@0.21.7", "", { "dependencies": { "ansis": "^4.2.0", "cac": "^7.0.0", "defu": "^6.1.4", "empathic": "^2.0.0", "hookable": "^6.1.0", "import-without-cache": "^0.2.5", "obug": "^2.1.1", "picomatch": "^4.0.4", "rolldown": "1.0.0-rc.12", "rolldown-plugin-dts": "^0.23.2", "semver": "^7.7.4", "tinyexec": "^1.0.4", "tinyglobby": "^0.2.15", "tree-kill": "^1.2.2", "unconfig-core": "^7.5.0", "unrun": "^0.2.34" }, "peerDependencies": { "@arethetypeswrong/core": "^0.18.1", "@tsdown/css": "0.21.7", "@tsdown/exe": "0.21.7", "@vitejs/devtools": "*", "publint": "^0.3.0", "typescript": "^5.0.0 || ^6.0.0", "unplugin-unused": "^0.5.0" }, "optionalPeers": ["@arethetypeswrong/core", "@tsdown/css", "@tsdown/exe", "@vitejs/devtools", "publint", "typescript", "unplugin-unused"], "bin": { "tsdown": "dist/run.mjs" } }, "sha512-ukKIxKQzngkWvOYJAyptudclkm4VQqbjq+9HF5K5qDO8GJsYtMh8gIRwicbnZEnvFPr6mquFwYAVZ8JKt3rY2g=="],

    "tslib": ["tslib@2.8.1", "", {}, "sha512-oJFu94HQb+KVduSUQL7wnpmqnfmLsOA/nAh6b6EH0wCEoK0/mPeXU6c3wKDV83MkOuHPRHtSXKKU99IBazS/2w=="],

    "typescript": ["typescript@6.0.2", "", { "bin": { "tsc": "bin/tsc", "tsserver": "bin/tsserver" } }, "sha512-bGdAIrZ0wiGDo5l8c++HWtbaNCWTS4UTv7RaTH/ThVIgjkveJt83m74bBHMJkuCbslY8ixgLBVZJIOiQlQTjfQ=="],

    "ultracite": ["ultracite@7.3.2", "", { "dependencies": { "@clack/prompts": "^1.1.0", "commander": "^14.0.3", "deepmerge": "^4.3.1", "glob": "^13.0.6", "jsonc-parser": "^3.3.1", "nypm": "^0.6.5" }, "peerDependencies": { "oxlint": "^1.0.0" }, "optionalPeers": ["oxlint"], "bin": { "ultracite": "dist/index.js" } }, "sha512-JV2TdeBDc1aaj3wFzXLjRcBlUZkXBdShMLAjHh9YLK0rXPSK42CzHqfWXUfibFUAUiUGNwoOFnIpS45EaJAcdg=="],

    "unconfig-core": ["unconfig-core@7.5.0", "", { "dependencies": { "@quansync/fs": "^1.0.0", "quansync": "^1.0.0" } }, "sha512-Su3FauozOGP44ZmKdHy2oE6LPjk51M/TRRjHv2HNCWiDvfvCoxC2lno6jevMA91MYAdCdwP05QnWdWpSbncX/w=="],

    "undici-types": ["undici-types@7.18.2", "", {}, "sha512-AsuCzffGHJybSaRrmr5eHr81mwJU3kjw6M+uprWvCXiNeN9SOGwQ3Jn8jb8m3Z6izVgknn1R0FTCEAP2QrLY/w=="],

    "unrun": ["unrun@0.2.34", "", { "dependencies": { "rolldown": "1.0.0-rc.12" }, "peerDependencies": { "synckit": "^0.11.11" }, "optionalPeers": ["synckit"], "bin": { "unrun": "dist/cli.mjs" } }, "sha512-LyaghRBR++r7svhDK6tnDz2XaYHWdneBOA0jbS8wnRsHerI9MFljX4fIiTgbbNbEVzZ0C9P1OjWLLe1OqoaaEw=="],

    "ast-kit/@babel/parser": ["@babel/parser@8.0.0-beta.4", "", { "dependencies": { "@babel/types": "^8.0.0-beta.4" }, "bin": "./bin/babel-parser.js" }, "sha512-fBcUqUN3eenLyg25QFkOwY1lmV6L0RdG92g6gxyS2CVCY8kHdibkQz1+zV3bLzxcvNnfHoi3i9n5Dci+g93acg=="],

    "tinyglobby/picomatch": ["picomatch@4.0.3", "", {}, "sha512-5gTmgEY/sqK6gFXLIsQNH19lWb4ebPDLA4SdLP7dsWkIXHWlG66oPuVvXSGFPppYZz8ZDZq0dYYrbHfBCVUb1Q=="],

    "ast-kit/@babel/parser/@babel/types": ["@babel/types@8.0.0-beta.4", "", { "dependencies": { "@babel/helper-string-parser": "^8.0.0-beta.4", "@babel/helper-validator-identifier": "^8.0.0-beta.4" } }, "sha512-xjk2xqYp25ePzAs0I08hN2lrbUDDQFfCjwq6MIEa8HwHa0WK8NfNtdvtXod8Ku2CbE1iui7qwWojGvjQiyrQeA=="],

    "ast-kit/@babel/parser/@babel/types/@babel/helper-string-parser": ["@babel/helper-string-parser@8.0.0-beta.4", "", {}, "sha512-FGwbdQ/I2nJXXfyxa7dT0Fr/zPWwgX7m+hNVj0HrIHYJtyLxSQeQY1Kd8QkAYviQJV3OWFlRLuGd5epF03bdQg=="],

    "ast-kit/@babel/parser/@babel/types/@babel/helper-validator-identifier": ["@babel/helper-validator-identifier@8.0.0-beta.4", "", {}, "sha512-6t0IaUEzlinbLmsGIvBZIHEJGjuchx+cMj+FbS78zL17tucYervgbwO07V5/CgBenVraontpmyMCTVyqCfxhFQ=="],
  }
}
